PODS:
  - flutter_local_notifications (0.0.1):
    - FlutterMacOS
  - FlutterMacOS (1.0.0)
  - isar_flutter_libs (1.0.0):
    - FlutterMacOS
  - local_notifier (0.1.0):
    - FlutterMacOS
  - print_bluetooth_thermal (0.0.1):
    - FlutterMacOS

DEPENDENCIES:
  - flutter_local_notifications (from `Flutter/ephemeral/.symlinks/plugins/flutter_local_notifications/macos`)
  - FlutterMacOS (from `Flutter/ephemeral`)
  - isar_flutter_libs (from `Flutter/ephemeral/.symlinks/plugins/isar_flutter_libs/macos`)
  - local_notifier (from `Flutter/ephemeral/.symlinks/plugins/local_notifier/macos`)
  - print_bluetooth_thermal (from `Flutter/ephemeral/.symlinks/plugins/print_bluetooth_thermal/macos`)

EXTERNAL SOURCES:
  flutter_local_notifications:
    :path: Flutter/ephemeral/.symlinks/plugins/flutter_local_notifications/macos
  FlutterMacOS:
    :path: Flutter/ephemeral
  isar_flutter_libs:
    :path: Flutter/ephemeral/.symlinks/plugins/isar_flutter_libs/macos
  local_notifier:
    :path: Flutter/ephemeral/.symlinks/plugins/local_notifier/macos
  print_bluetooth_thermal:
    :path: Flutter/ephemeral/.symlinks/plugins/print_bluetooth_thermal/macos

SPEC CHECKSUMS:
  flutter_local_notifications: 7e5a17a1dbc00d83dc10d43c2c4c05f2ceed233c
  FlutterMacOS: d0db08ddef1a9af05a5ec4b724367152bb0500b1
  isar_flutter_libs: a65381780401f81ad6bf3f2e7cd0de5698fb98c4
  local_notifier: ebf072651e35ae5e47280ad52e2707375cb2ae4e
  print_bluetooth_thermal: 63f68d7b5f2f7c191369f4901b59c50ff57bd934

PODFILE CHECKSUM: 54d867c82ac51cbd61b565781b9fada492027009

COCOAPODS: 1.17.0
